// !$*UTF8*$!
{
	archiveVersion = 1;
	classes = {
	};
	objectVersion = 48;
	objects = {

/* Begin PBXBuildFile section */
		411F83E721CD84680075BBFF /* AppDelegate.swift in Sources */ = {isa = PBXBuildFile; fileRef = 411F83E621CD84680075BBFF /* AppDelegate.swift */; };
		411F83E921CD84680075BBFF /* TodoListViewController.swift in Sources */ = {isa = PBXBuildFile; fileRef = 411F83E821CD84680075BBFF /* TodoListViewController.swift */; };
		411F83EC21CD84680075BBFF /* Main.storyboard in Resources */ = {isa = PBXBuildFile; fileRef = 411F83EA21CD84680075BBFF /* Main.storyboard */; };
		411F83EE21CD84680075BBFF /* Assets.xcassets in Resources */ = {isa = PBXBuildFile; fileRef = 411F83ED21CD84680075BBFF /* Assets.xcassets */; };
		411F83F121CD84680075BBFF /* LaunchScreen.storyboard in Resources */ = {isa = PBXBuildFile; fileRef = 411F83EF21CD84680075BBFF /* LaunchScreen.storyboard */; };
		41E18E2221D594EE00A98B13 /* CategoryViewController.swift in Sources */ = {isa = PBXBuildFile; fileRef = 41E18E2121D594EE00A98B13 /* CategoryViewController.swift */; };
		41FEBEA321D821DA00C781F3 /* Item.swift in Sources */ = {isa = PBXBuildFile; fileRef = 41FEBEA221D821DA00C781F3 /* Item.swift */; };
		41FEBEA521D821E500C781F3 /* Category.swift in Sources */ = {isa = PBXBuildFile; fileRef = 41FEBEA421D821E500C781F3 /* Category.swift */; };
		98668E3E2143626255EA6DEC /* Pods_Todoey.framework in Frameworks */ = {isa = PBXBuildFile; fileRef = E4839AFEA837146A085ED21D /* Pods_Todoey.framework */; };
/* End PBXBuildFile section */

/* Begin PBXFileReference section */
		162D600457E9B865415DCE98 /* Pods-Todoey.debug.xcconfig */ = {isa = PBXFileReference; includeInIndex = 1; lastKnownFileType = text.xcconfig; name = "Pods-Todoey.debug.xcconfig"; path = "Pods/Target Support Files/Pods-Todoey/Pods-Todoey.debug.xcconfig"; sourceTree = "<group>"; };
		411F83E321CD84680075BBFF /* Todoey.app */ = {isa = PBXFileReference; explicitFileType = wrapper.application; includeInIndex = 0; path = Todoey.app; sourceTree = BUILT_PRODUCTS_DIR; };
		411F83E621CD84680075BBFF /* AppDelegate.swift */ = {isa = PBXFileReference; lastKnownFileType = sourcecode.swift; path = AppDelegate.swift; sourceTree = "<group>"; };
		411F83E821CD84680075BBFF /* TodoListViewController.swift */ = {isa = PBXFileReference; lastKnownFileType = sourcecode.swift; path = TodoListViewController.swift; sourceTree = "<group>"; };
		411F83EB21CD84680075BBFF /* Base */ = {isa = PBXFileReference; lastKnownFileType = file.storyboard; name = Base; path = Base.lproj/Main.storyboard; sourceTree = "<group>"; };
		411F83ED21CD84680075BBFF /* Assets.xcassets */ = {isa = PBXFileReference; lastKnownFileType = folder.assetcatalog; path = Assets.xcassets; sourceTree = "<group>"; };
		411F83F021CD84680075BBFF /* Base */ = {isa = PBXFileReference; lastKnownFileType = file.storyboard; name = Base; path = Base.lproj/LaunchScreen.storyboard; sourceTree = "<group>"; };
		411F83F221CD84680075BBFF /* Info.plist */ = {isa = PBXFileReference; lastKnownFileType = text.plist.xml; path = Info.plist; sourceTree = "<group>"; };
		41E18E2121D594EE00A98B13 /* CategoryViewController.swift */ = {isa = PBXFileReference; lastKnownFileType = sourcecode.swift; path = CategoryViewController.swift; sourceTree = "<group>"; };
		41FEBEA221D821DA00C781F3 /* Item.swift */ = {isa = PBXFileReference; lastKnownFileType = sourcecode.swift; path = Item.swift; sourceTree = "<group>"; };
		41FEBEA421D821E500C781F3 /* Category.swift */ = {isa = PBXFileReference; lastKnownFileType = sourcecode.swift; path = Category.swift; sourceTree = "<group>"; };
		7737EC177BF10A0673A797E1 /* Pods-Todoey.release.xcconfig */ = {isa = PBXFileReference; includeInIndex = 1; lastKnownFileType = text.xcconfig; name = "Pods-Todoey.release.xcconfig"; path = "Pods/Target Support Files/Pods-Todoey/Pods-Todoey.release.xcconfig"; sourceTree = "<group>"; };
		E4839AFEA837146A085ED21D /* Pods_Todoey.framework */ = {isa = PBXFileReference; explicitFileType = wrapper.framework; includeInIndex = 0; path = Pods_Todoey.framework; sourceTree = BUILT_PRODUCTS_DIR; };
/* End PBXFileReference section */

/* Begin PBXFrameworksBuildPhase section */
		411F83E021CD84680075BBFF /* Frameworks */ = {
			isa = PBXFrameworksBuildPhase;
			buildActionMask = 2147483647;
			files = (
				98668E3E2143626255EA6DEC /* Pods_Todoey.framework in Frameworks */,
			);
			runOnlyForDeploymentPostprocessing = 0;
		};
/* End PBXFrameworksBuildPhase section */

/* Begin PBXGroup section */
		3F7092E612DDD2B6E2E21E06 /* Frameworks */ = {
			isa = PBXGroup;
			children = (
				E4839AFEA837146A085ED21D /* Pods_Todoey.framework */,
			);
			name = Frameworks;
			sourceTree = "<group>";
		};
		411F83DA21CD84680075BBFF = {
			isa = PBXGroup;
			children = (
				411F83E521CD84680075BBFF /* Todoey */,
				411F83E421CD84680075BBFF /* Products */,
				59BCF1C870806192386C5AA0 /* Pods */,
				3F7092E612DDD2B6E2E21E06 /* Frameworks */,
			);
			sourceTree = "<group>";
		};
		411F83E421CD84680075BBFF /* Products */ = {
			isa = PBXGroup;
			children = (
				411F83E321CD84680075BBFF /* Todoey.app */,
			);
			name = Products;
			sourceTree = "<group>";
		};
		411F83E521CD84680075BBFF /* Todoey */ = {
			isa = PBXGroup;
			children = (
				411F83F221CD84680075BBFF /* Info.plist */,
				411F83E621CD84680075BBFF /* AppDelegate.swift */,
				411F83FA21CED6C20075BBFF /* Data Model */,
				411F83FB21CED6DB0075BBFF /* Controllers */,
				411F83FC21CED6E90075BBFF /* Views */,
				411F83FD21CED8020075BBFF /* Supporting Files */,
			);
			path = Todoey;
			sourceTree = "<group>";
		};
		411F83FA21CED6C20075BBFF /* Data Model */ = {
			isa = PBXGroup;
			children = (
				41FEBEA221D821DA00C781F3 /* Item.swift */,
				41FEBEA421D821E500C781F3 /* Category.swift */,
			);
			path = "Data Model";
			sourceTree = "<group>";
		};
		411F83FB21CED6DB0075BBFF /* Controllers */ = {
			isa = PBXGroup;
			children = (
				41E18E2121D594EE00A98B13 /* CategoryViewController.swift */,
				411F83E821CD84680075BBFF /* TodoListViewController.swift */,
			);
			path = Controllers;
			sourceTree = "<group>";
		};
		411F83FC21CED6E90075BBFF /* Views */ = {
			isa = PBXGroup;
			children = (
				411F83EA21CD84680075BBFF /* Main.storyboard */,
			);
			path = Views;
			sourceTree = "<group>";
		};
		411F83FD21CED8020075BBFF /* Supporting Files */ = {
			isa = PBXGroup;
			children = (
				411F83EF21CD84680075BBFF /* LaunchScreen.storyboard */,
				411F83ED21CD84680075BBFF /* Assets.xcassets */,
			);
			path = "Supporting Files";
			sourceTree = "<group>";
		};
		59BCF1C870806192386C5AA0 /* Pods */ = {
			isa = PBXGroup;
			children = (
				162D600457E9B865415DCE98 /* Pods-Todoey.debug.xcconfig */,
				7737EC177BF10A0673A797E1 /* Pods-Todoey.release.xcconfig */,
			);
			name = Pods;
			sourceTree = "<group>";
		};
/* End PBXGroup section */

/* Begin PBXNativeTarget section */
		411F83E221CD84680075BBFF /* Todoey */ = {
			isa = PBXNativeTarget;
			buildConfigurationList = 411F83F521CD84680075BBFF /* Build configuration list for PBXNativeTarget "Todoey" */;
			buildPhases = (
				906DC9CD84503C20D4BB3B1A /* [CP] Check Pods Manifest.lock */,
				411F83DF21CD84680075BBFF /* Sources */,
				411F83E021CD84680075BBFF /* Frameworks */,
				411F83E121CD84680075BBFF /* Resources */,
				1A54B640E0270E8E53441BB8 /* [CP] Embed Pods Frameworks */,
			);
			buildRules = (
			);
			dependencies = (
			);
			name = Todoey;
			productName = Todoey;
			productReference = 411F83E321CD84680075BBFF /* Todoey.app */;
			productType = "com.apple.product-type.application";
		};
/* End PBXNativeTarget section */

/* Begin PBXProject section */
		411F83DB21CD84680075BBFF /* Project object */ = {
			isa = PBXProject;
			attributes = {
				LastSwiftUpdateCheck = 0900;
				LastUpgradeCheck = 0900;
				ORGANIZATIONNAME = "Derek Aitken";
				TargetAttributes = {
					411F83E221CD84680075BBFF = {
						CreatedOnToolsVersion = 9.0.1;
						ProvisioningStyle = Automatic;
					};
				};
			};
			buildConfigurationList = 411F83DE21CD84680075BBFF /* Build configuration list for PBXProject "Todoey" */;
			compatibilityVersion = "Xcode 8.0";
			developmentRegion = en;
			hasScannedForEncodings = 0;
			knownRegions = (
				en,
				Base,
			);
			mainGroup = 411F83DA21CD84680075BBFF;
			productRefGroup = 411F83E421CD84680075BBFF /* Products */;
			projectDirPath = "";
			projectRoot = "";
			targets = (
				411F83E221CD84680075BBFF /* Todoey */,
			);
		};
/* End PBXProject section */

/* Begin PBXResourcesBuildPhase section */
		411F83E121CD84680075BBFF /* Resources */ = {
			isa = PBXResourcesBuildPhase;
			buildActionMask = 2147483647;
			files = (
				411F83F121CD84680075BBFF /* LaunchScreen.storyboard in Resources */,
				411F83EE21CD84680075BBFF /* Assets.xcassets in Resources */,
				411F83EC21CD84680075BBFF /* Main.storyboard in Resources */,
			);
			runOnlyForDeploymentPostprocessing = 0;
		};
/* End PBXResourcesBuildPhase section */

/* Begin PBXShellScriptBuildPhase section */
		1A54B640E0270E8E53441BB8 /* [CP] Embed Pods Frameworks */ = {
			isa = PBXShellScriptBuildPhase;
			buildActionMask = 2147483647;
			files = (
			);
			inputPaths = (
				"${SRCROOT}/Pods/Target Support Files/Pods-Todoey/Pods-Todoey-frameworks.sh",
				"${BUILT_PRODUCTS_DIR}/Realm/Realm.framework",
				"${BUILT_PRODUCTS_DIR}/RealmSwift/RealmSwift.framework",
			);
			name = "[CP] Embed Pods Frameworks";
			outputPaths = (
				"${TARGET_BUILD_DIR}/${FRAMEWORKS_FOLDER_PATH}/Realm.framework",
				"${TARGET_BUILD_DIR}/${FRAMEWORKS_FOLDER_PATH}/RealmSwift.framework",
			);
			runOnlyForDeploymentPostprocessing = 0;
			shellPath = /bin/sh;
			shellScript = "\"${SRCROOT}/Pods/Target Support Files/Pods-Todoey/Pods-Todoey-frameworks.sh\"\n";
			showEnvVarsInLog = 0;
		};
		906DC9CD84503C20D4BB3B1A /* [CP] Check Pods Manifest.lock */ = {
			isa = PBXShellScriptBuildPhase;
			buildActionMask = 2147483647;
			files = (
			);
			inputPaths = (
				"${PODS_PODFILE_DIR_PATH}/Podfile.lock",
				"${PODS_ROOT}/Manifest.lock",
			);
			name = "[CP] Check Pods Manifest.lock";
			outputPaths = (
				"$(DERIVED_FILE_DIR)/Pods-Todoey-checkManifestLockResult.txt",
			);
			runOnlyForDeploymentPostprocessing = 0;
			shellPath = /bin/sh;
			shellScript = "diff \"${PODS_PODFILE_DIR_PATH}/Podfile.lock\" \"${PODS_ROOT}/Manifest.lock\" > /dev/null\nif [ $? != 0 ] ; then\n    # print error to STDERR\n    echo \"error: The sandbox is not in sync with the Podfile.lock. Run 'pod install' or update your CocoaPods installation.\" >&2\n    exit 1\nfi\n# This output is used by Xcode 'outputs' to avoid re-running this script phase.\necho \"SUCCESS\" > \"${SCRIPT_OUTPUT_FILE_0}\"\n";
			showEnvVarsInLog = 0;
		};
/* End PBXShellScriptBuildPhase section */

/* Begin PBXSourcesBuildPhase section */
		411F83DF21CD84680075BBFF /* Sources */ = {
			isa = PBXSourcesBuildPhase;
			buildActionMask = 2147483647;
			files = (
				41E18E2221D594EE00A98B13 /* CategoryViewController.swift in Sources */,
				411F83E921CD84680075BBFF /* TodoListViewController.swift in Sources */,
				41FEBEA321D821DA00C781F3 /* Item.swift in Sources */,
				411F83E721CD84680075BBFF /* AppDelegate.swift in Sources */,
				41FEBEA521D821E500C781F3 /* Category.swift in Sources */,
			);
			runOnlyForDeploymentPostprocessing = 0;
		};
/* End PBXSourcesBuildPhase section */

/* Begin PBXVariantGroup section */
		411F83EA21CD84680075BBFF /* Main.storyboard */ = {
			isa = PBXVariantGroup;
			children = (
				411F83EB21CD84680075BBFF /* Base */,
			);
			name = Main.storyboard;
			sourceTree = "<group>";
		};
		411F83EF21CD84680075BBFF /* LaunchScreen.storyboard */ = {
			isa = PBXVariantGroup;
			children = (
				411F83F021CD84680075BBFF /* Base */,
			);
			name = LaunchScreen.storyboard;
			sourceTree = "<group>";
		};
/* End PBXVariantGroup section */

/* Begin XCBuildConfiguration section */
		411F83F321CD84680075BBFF /* Debug */ = {
			isa = XCBuildConfiguration;
			buildSettings = {
				ALWAYS_SEARCH_USER_PATHS = NO;
				CLANG_ANALYZER_NONNULL = YES;
				CLANG_ANALYZER_NUMBER_OBJECT_CONVERSION = YES_AGGRESSIVE;
				CLANG_CXX_LANGUAGE_STANDARD = "gnu++14";
				CLANG_CXX_LIBRARY = "libc++";
				CLANG_ENABLE_MODULES = YES;
				CLANG_ENABLE_OBJC_ARC = YES;
				CLANG_WARN_BLOCK_CAPTURE_AUTORELEASING = YES;
				CLANG_WARN_BOOL_CONVERSION = YES;
				CLANG_WARN_COMMA = YES;
				CLANG_WARN_CONSTANT_CONVERSION = YES;
				CLANG_WARN_DIRECT_OBJC_ISA_USAGE = YES_ERROR;
				CLANG_WARN_DOCUMENTATION_COMMENTS = YES;
				CLANG_WARN_EMPTY_BODY = YES;
				CLANG_WARN_ENUM_CONVERSION = YES;
				CLANG_WARN_INFINITE_RECURSION = YES;
				CLANG_WARN_INT_CONVERSION = YES;
				CLANG_WARN_NON_LITERAL_NULL_CONVERSION = YES;
				CLANG_WARN_OBJC_LITERAL_CONVERSION = YES;
				CLANG_WARN_OBJC_ROOT_CLASS = YES_ERROR;
				CLANG_WARN_RANGE_LOOP_ANALYSIS = YES;
				CLANG_WARN_STRICT_PROTOTYPES = YES;
				CLANG_WARN_SUSPICIOUS_MOVE = YES;
				CLANG_WARN_UNGUARDED_AVAILABILITY = YES_AGGRESSIVE;
				CLANG_WARN_UNREACHABLE_CODE = YES;
				CLANG_WARN__DUPLICATE_METHOD_MATCH = YES;
				CODE_SIGN_IDENTITY = "iPhone Developer";
				COPY_PHASE_STRIP = NO;
				DEBUG_INFORMATION_FORMAT = dwarf;
				ENABLE_STRICT_OBJC_MSGSEND = YES;
				ENABLE_TESTABILITY = YES;
				GCC_C_LANGUAGE_STANDARD = gnu11;
				GCC_DYNAMIC_NO_PIC = NO;
				GCC_NO_COMMON_BLOCKS = YES;
				GCC_OPTIMIZATION_LEVEL = 0;
				GCC_PREPROCESSOR_DEFINITIONS = (
					"DEBUG=1",
					"$(inherited)",
				);
				GCC_WARN_64_TO_32_BIT_CONVERSION = YES;
				GCC_WARN_ABOUT_RETURN_TYPE = YES_ERROR;
				GCC_WARN_UNDECLARED_SELECTOR = YES;
				GCC_WARN_UNINITIALIZED_AUTOS = YES_AGGRESSIVE;
				GCC_WARN_UNUSED_FUNCTION = YES;
				GCC_WARN_UNUSED_VARIABLE = YES;
				IPHONEOS_DEPLOYMENT_TARGET = 11.0;
				MTL_ENABLE_DEBUG_INFO = YES;
				ONLY_ACTIVE_ARCH = YES;
				SDKROOT = iphoneos;
				SWIFT_ACTIVE_COMPILATION_CONDITIONS = DEBUG;
				SWIFT_OPTIMIZATION_LEVEL = "-Onone";
			};
			name = Debug;
		};
		411F83F421CD84680075BBFF /* Release */ = {
			isa = XCBuildConfiguration;
			buildSettings = {
				ALWAYS_SEARCH_USER_PATHS = NO;
				CLANG_ANALYZER_NONNULL = YES;
				CLANG_ANALYZER_NUMBER_OBJECT_CONVERSION = YES_AGGRESSIVE;
				CLANG_CXX_LANGUAGE_STANDARD = "gnu++14";
				CLANG_CXX_LIBRARY = "libc++";
				CLANG_ENABLE_MODULES = YES;
				CLANG_ENABLE_OBJC_ARC = YES;
				CLANG_WARN_BLOCK_CAPTURE_AUTORELEASING = YES;
				CLANG_WARN_BOOL_CONVERSION = YES;
				CLANG_WARN_COMMA = YES;
				CLANG_WARN_CONSTANT_CONVERSION = YES;
				CLANG_WARN_DIRECT_OBJC_ISA_USAGE = YES_ERROR;
				CLANG_WARN_DOCUMENTATION_COMMENTS = YES;
				CLANG_WARN_EMPTY_BODY = YES;
				CLANG_WARN_ENUM_CONVERSION = YES;
				CLANG_WARN_INFINITE_RECURSION = YES;
				CLANG_WARN_INT_CONVERSION = YES;
				CLANG_WARN_NON_LITERAL_NULL_CONVERSION = YES;
				CLANG_WARN_OBJC_LITERAL_CONVERSION = YES;
				CLANG_WARN_OBJC_ROOT_CLASS = YES_ERROR;
				CLANG_WARN_RANGE_LOOP_ANALYSIS = YES;
				CLANG_WARN_STRICT_PROTOTYPES = YES;
				CLANG_WARN_SUSPICIOUS_MOVE = YES;
				CLANG_WARN_UNGUARDED_AVAILABILITY = YES_AGGRESSIVE;
				CLANG_WARN_UNREACHABLE_CODE = YES;
				CLANG_WARN__DUPLICATE_METHOD_MATCH = YES;
				CODE_SIGN_IDENTITY = "iPhone Developer";
				COPY_PHASE_STRIP = NO;
				DEBUG_INFORMATION_FORMAT = "dwarf-with-dsym";
				ENABLE_NS_ASSERTIONS = NO;
				ENABLE_STRICT_OBJC_MSGSEND = YES;
				GCC_C_LANGUAGE_STANDARD = gnu11;
				GCC_NO_COMMON_BLOCKS = YES;
				GCC_WARN_64_TO_32_BIT_CONVERSION = YES;
				GCC_WARN_ABOUT_RETURN_TYPE = YES_ERROR;
				GCC_WARN_UNDECLARED_SELECTOR = YES;
				GCC_WARN_UNINITIALIZED_AUTOS = YES_AGGRESSIVE;
				GCC_WARN_UNUSED_FUNCTION = YES;
				GCC_WARN_UNUSED_VARIABLE = YES;
				IPHONEOS_DEPLOYMENT_TARGET = 11.0;
				MTL_ENABLE_DEBUG_INFO = NO;
				SDKROOT = iphoneos;
				SWIFT_OPTIMIZATION_LEVEL = "-Owholemodule";
				VALIDATE_PRODUCT = YES;
			};
			name = Release;
		};
		411F83F621CD84680075BBFF /* Debug */ = {
			isa = XCBuildConfiguration;
			baseConfigurationReference = 162D600457E9B865415DCE98 /* Pods-Todoey.debug.xcconfig */;
			buildSettings = {
				ASSETCATALOG_COMPILER_APPICON_NAME = AppIcon;
				CODE_SIGN_STYLE = Automatic;
				DEVELOPMENT_TEAM = Q8BGA7GJ52;
				INFOPLIST_FILE = Todoey/Info.plist;
				LD_RUNPATH_SEARCH_PATHS = "$(inherited) @executable_path/Frameworks";
				PRODUCT_BUNDLE_IDENTIFIER = "com.av8der-icloud.Todoey";
				PRODUCT_NAME = "$(TARGET_NAME)";
				SWIFT_VERSION = 4.0;
				TARGETED_DEVICE_FAMILY = "1,2";
			};
			name = Debug;
		};
		411F83F721CD84680075BBFF /* Release */ = {
			isa = XCBuildConfiguration;
			baseConfigurationReference = 7737EC177BF10A0673A797E1 /* Pods-Todoey.release.xcconfig */;
			buildSettings = {
				ASSETCATALOG_COMPILER_APPICON_NAME = AppIcon;
				CODE_SIGN_STYLE = Automatic;
				DEVELOPMENT_TEAM = Q8BGA7GJ52;
				INFOPLIST_FILE = Todoey/Info.plist;
				LD_RUNPATH_SEARCH_PATHS = "$(inherited) @executable_path/Frameworks";
				PRODUCT_BUNDLE_IDENTIFIER = "com.av8der-icloud.Todoey";
				PRODUCT_NAME = "$(TARGET_NAME)";
				SWIFT_VERSION = 4.0;
				TARGETED_DEVICE_FAMILY = "1,2";
			};
			name = Release;
		};
/* End XCBuildConfiguration section */

/* Begin XCConfigurationList section */
		411F83DE21CD84680075BBFF /* Build configuration list for PBXProject "Todoey" */ = {
			isa = XCConfigurationList;
			buildConfigurations = (
				411F83F321CD84680075BBFF /* Debug */,
				411F83F421CD84680075BBFF /* Release */,
			);
			defaultConfigurationIsVisible = 0;
			defaultConfigurationName = Release;
		};
		411F83F521CD84680075BBFF /* Build configuration list for PBXNativeTarget "Todoey" */ = {
			isa = XCConfigurationList;
			buildConfigurations = (
				411F83F621CD84680075BBFF /* Debug */,
				411F83F721CD84680075BBFF /* Release */,
			);
			defaultConfigurationIsVisible = 0;
			defaultConfigurationName = Release;
		};
/* End XCConfigurationList section */
	};
	rootObject = 411F83DB21CD84680075BBFF /* Project object */;
}
